{
  "name": "lead-magnet-pro",
  "version": "1.0.0",
  "lockfileVersion": 3,
  "requires": true,
  "packages": {
    "": {
      "name": "lead-magnet-pro",
      "version": "1.0.0",
      "dependencies": {
        "@cloudflare/puppeteer": "^0.0.16"
      }
    }
  },
  "dependencies": {
    "@cloudflare/puppeteer": {
      "version": "0.0.16"
    }
  }
}
